{
  "name": "transcript-cleanup",
  "version": "1.0.0",
  "lockfileVersion": 3,
  "requires": true,
  "packages": {
    "": {
      "name": "transcript-cleanup",
      "version": "1.0.0",
      "license": "Apache-2.0",
      "dependencies": {
        "@simplyhexagonal/multi-replace": "^1.1.1"
      },
      "bin": {
        "transcript-cleanup": "bin/transcript-cleanup.js"
      }
    },
    "node_modules/@simplyhexagonal/multi-replace": {
      "version": "1.1.1",
      "resolved": "https://registry.npmjs.org/@simplyhexagonal/multi-replace/-/multi-replace-1.1.1.tgz",
      "integrity": "sha512-rRY/hUEb2myYgrotd9iptnloaUfKv5omymIwMlYBCdI2QL9dfTS/z3eJI4XjqxjvI1kJu5AGM7ZWyR+FMllrxw==",
      "license": "Apache-2.0"
    }
  }
}
